
Microsoft Visual Studio Solution File, Format Version 12.00
# Visual Studio Version 17
VisualStudioVersion = 17.14.36518.9
MinimumVisualStudioVersion = 10.0.40219.1
Project("{FAE04EC0-301F-11D3-BF4B-00C04F79EFBC}") = "ReservaBook.Core.Aplication", "ReservaBook.Core.Aplication\ReservaBook.Core.Aplication.csproj", "{58EB26BE-AD69-C00D-98A5-6E739BC48EFF}"
EndProject
Project("{FAE04EC0-301F-11D3-BF4B-00C04F79EFBC}") = "ReservaBook.Core.Domain", "ReservaBook.Core.Domain\ReservaBook.Core.Domain.csproj", "{6EDF7CB3-E7CA-7446-4D33-10AEF6153760}"
EndProject
Project("{FAE04EC0-301F-11D3-BF4B-00C04F79EFBC}") = "ReservaBook.Infraestructure.Indentity", "ReservaBook.Infraestructure.Indentity\ReservaBook.Infraestructure.Indentity.csproj", "{47DD32EB-08F1-D249-2EA2-F58CF4C783D8}"
EndProject
Project("{FAE04EC0-301F-11D3-BF4B-00C04F79EFBC}") = "ReservaBook.Infraestructure.Persistence", "ReservaBook.Infraestructure.Persistence\ReservaBook.Infraestructure.Persistence.csproj", "{E4F61749-A72C-BBD7-AE8A-C2A759AB4024}"
EndProject
Project("{FAE04EC0-301F-11D3-BF4B-00C04F79EFBC}") = "ReservaBook.Infraestructure.Shared", "ReservaBook.Infraestructure.Shared\ReservaBook.Infraestructure.Shared.csproj", "{66B3FA70-7A2C-0F23-90DA-BB58D2C0D256}"
EndProject
Project("{FAE04EC0-301F-11D3-BF4B-00C04F79EFBC}") = "ReservaBook.Unitt.Test", "ReservaBook.Unitt.Test\ReservaBook.Unitt.Test.csproj", "{5C5C6EB1-0CFF-3D72-260F-8A8E109CD1F2}"
EndProject
Project("{2150E333-8FDC-42A3-9474-1A3956D46DE8}") = "Source", "Source", "{02EA681E-C7D8-13C7-8484-4AC65E1B71E8}"
EndProject
Project("{2150E333-8FDC-42A3-9474-1A3956D46DE8}") = "Core", "Core", "{031347E4-9822-4A38-B724-71173313D899}"
EndProject
Project("{2150E333-8FDC-42A3-9474-1A3956D46DE8}") = "Infraestructure", "Infraestructure", "{41137D15-32DA-462D-95DC-9258FFA50B8B}"
EndProject
Project("{2150E333-8FDC-42A3-9474-1A3956D46DE8}") = "Presentation", "Presentation", "{4C06EF3F-5E2E-46BA-81BC-9B1CB7C33A72}"
EndProject
Project("{FAE04EC0-301F-11D3-BF4B-00C04F79EFBC}") = "ReservaBook.presentation.WebApi", "ReservaBook.presentation.WebApi\ReservaBook.presentation.WebApi.csproj", "{F4684976-096C-30F1-AFE6-775A11216478}"
EndProject
Project("{2150E333-8FDC-42A3-9474-1A3956D46DE8}") = "Test", "Test", "{7506B6EE-04D6-42F4-AC9A-D09E9E265E5C}"
EndProject
Global
	GlobalSection(SolutionConfigurationPlatforms) = preSolution
		Debug|Any CPU = Debug|Any CPU
		Release|Any CPU = Release|Any CPU
	EndGlobalSection
	GlobalSection(ProjectConfigurationPlatforms) = postSolution
		{58EB26BE-AD69-C00D-98A5-6E739BC48EFF}.Debug|Any CPU.ActiveCfg = Debug|Any CPU
		{58EB26BE-AD69-C00D-98A5-6E739BC48EFF}.Debug|Any CPU.Build.0 = Debug|Any CPU
		{58EB26BE-AD69-C00D-98A5-6E739BC48EFF}.Release|Any CPU.ActiveCfg = Release|Any CPU
		{58EB26BE-AD69-C00D-98A5-6E739BC48EFF}.Release|Any CPU.Build.0 = Release|Any CPU
		{6EDF7CB3-E7CA-7446-4D33-10AEF6153760}.Debug|Any CPU.ActiveCfg = Debug|Any CPU
		{6EDF7CB3-E7CA-7446-4D33-10AEF6153760}.Debug|Any CPU.Build.0 = Debug|Any CPU
		{6EDF7CB3-E7CA-7446-4D33-10AEF6153760}.Release|Any CPU.ActiveCfg = Release|Any CPU
		{6EDF7CB3-E7CA-7446-4D33-10AEF6153760}.Release|Any CPU.Build.0 = Release|Any CPU
		{47DD32EB-08F1-D249-2EA2-F58CF4C783D8}.Debug|Any CPU.ActiveCfg = Debug|Any CPU
		{47DD32EB-08F1-D249-2EA2-F58CF4C783D8}.Debug|Any CPU.Build.0 = Debug|Any CPU
		{47DD32EB-08F1-D249-2EA2-F58CF4C783D8}.Release|Any CPU.ActiveCfg = Release|Any CPU
		{47DD32EB-08F1-D249-2EA2-F58CF4C783D8}.Release|Any CPU.Build.0 = Release|Any CPU
		{E4F61749-A72C-BBD7-AE8A-C2A759AB4024}.Debug|Any CPU.ActiveCfg = Debug|Any CPU
		{E4F61749-A72C-BBD7-AE8A-C2A759AB4024}.Release|Any CPU.ActiveCfg = Release|Any CPU
		{66B3FA70-7A2C-0F23-90DA-BB58D2C0D256}.Debug|Any CPU.ActiveCfg = Debug|Any CPU
		{66B3FA70-7A2C-0F23-90DA-BB58D2C0D256}.Debug|Any CPU.Build.0 = Debug|Any CPU
		{66B3FA70-7A2C-0F23-90DA-BB58D2C0D256}.Release|Any CPU.ActiveCfg = Release|Any CPU
		{66B3FA70-7A2C-0F23-90DA-BB58D2C0D256}.Release|Any CPU.Build.0 = Release|Any CPU
		{5C5C6EB1-0CFF-3D72-260F-8A8E109CD1F2}.Debug|Any CPU.ActiveCfg = Debug|Any CPU
		{5C5C6EB1-0CFF-3D72-260F-8A8E109CD1F2}.Debug|Any CPU.Build.0 = Debug|Any CPU
		{5C5C6EB1-0CFF-3D72-260F-8A8E109CD1F2}.Release|Any CPU.ActiveCfg = Release|Any CPU
		{5C5C6EB1-0CFF-3D72-260F-8A8E109CD1F2}.Release|Any CPU.Build.0 = Release|Any CPU
		{F4684976-096C-30F1-AFE6-775A11216478}.Debug|Any CPU.ActiveCfg = Debug|Any CPU
		{F4684976-096C-30F1-AFE6-775A11216478}.Debug|Any CPU.Build.0 = Debug|Any CPU
		{F4684976-096C-30F1-AFE6-775A11216478}.Release|Any CPU.ActiveCfg = Release|Any CPU
		{F4684976-096C-30F1-AFE6-775A11216478}.Release|Any CPU.Build.0 = Release|Any CPU
	EndGlobalSection
	GlobalSection(SolutionProperties) = preSolution
		HideSolutionNode = FALSE
	EndGlobalSection
	GlobalSection(NestedProjects) = preSolution
		{58EB26BE-AD69-C00D-98A5-6E739BC48EFF} = {031347E4-9822-4A38-B724-71173313D899}
		{6EDF7CB3-E7CA-7446-4D33-10AEF6153760} = {031347E4-9822-4A38-B724-71173313D899}
		{47DD32EB-08F1-D249-2EA2-F58CF4C783D8} = {41137D15-32DA-462D-95DC-9258FFA50B8B}
		{E4F61749-A72C-BBD7-AE8A-C2A759AB4024} = {41137D15-32DA-462D-95DC-9258FFA50B8B}
		{66B3FA70-7A2C-0F23-90DA-BB58D2C0D256} = {41137D15-32DA-462D-95DC-9258FFA50B8B}
		{5C5C6EB1-0CFF-3D72-260F-8A8E109CD1F2} = {7506B6EE-04D6-42F4-AC9A-D09E9E265E5C}
		{031347E4-9822-4A38-B724-71173313D899} = {02EA681E-C7D8-13C7-8484-4AC65E1B71E8}
		{41137D15-32DA-462D-95DC-9258FFA50B8B} = {02EA681E-C7D8-13C7-8484-4AC65E1B71E8}
		{4C06EF3F-5E2E-46BA-81BC-9B1CB7C33A72} = {02EA681E-C7D8-13C7-8484-4AC65E1B71E8}
		{F4684976-096C-30F1-AFE6-775A11216478} = {4C06EF3F-5E2E-46BA-81BC-9B1CB7C33A72}
	EndGlobalSection
	GlobalSection(ExtensibilityGlobals) = postSolution
		SolutionGuid = {1964AD2B-5421-47A8-A77D-47D7BBC85497}
	EndGlobalSection
EndGlobal
